
Microsoft Visual Studio Solution File, Format Version 12.00
# Visual Studio Version 17
VisualStudioVersion = 17.14.37614.0 d17.14
MinimumVisualStudioVersion = 10.0.40219.1
Project("{FAE04EC0-301F-11D3-BF4B-00C04F79EFBC}") = "XuLyChuoi", "XuLyChuoi\XuLyChuoi.csproj", "{F23231A1-849E-4544-B660-C266642ACA70}"
EndProject
Global
	GlobalSection(SolutionConfigurationPlatforms) = preSolution
		Debug|Any CPU = Debug|Any CPU
		Release|Any CPU = Release|Any CPU
	EndGlobalSection
	GlobalSection(ProjectConfigurationPlatforms) = postSolution
		{F23231A1-849E-4544-B660-C266642ACA70}.Debug|Any CPU.ActiveCfg = Debug|Any CPU
		{F23231A1-849E-4544-B660-C266642ACA70}.Debug|Any CPU.Build.0 = Debug|Any CPU
		{F23231A1-849E-4544-B660-C266642ACA70}.Release|Any CPU.ActiveCfg = Release|Any CPU
		{F23231A1-849E-4544-B660-C266642ACA70}.Release|Any CPU.Build.0 = Release|Any CPU
	EndGlobalSection
	GlobalSection(SolutionProperties) = preSolution
		HideSolutionNode = FALSE
	EndGlobalSection
	GlobalSection(ExtensibilityGlobals) = postSolution
		SolutionGuid = {30896A90-FE14-4308-9AE4-557758A375C0}
	EndGlobalSection
EndGlobal
