
Microsoft Visual Studio Solution File, Format Version 12.00
# Visual Studio Version 17
VisualStudioVersion = 17.14.37614.0 d17.14
MinimumVisualStudioVersion = 10.0.40219.1
Project("{FAE04EC0-301F-11D3-BF4B-00C04F79EFBC}") = "QuanLyMang", "QuanLyMang\QuanLyMang.csproj", "{131EC151-5DB4-4FE0-96E6-E59A5CC5187C}"
EndProject
Global
	GlobalSection(SolutionConfigurationPlatforms) = preSolution
		Debug|Any CPU = Debug|Any CPU
		Release|Any CPU = Release|Any CPU
	EndGlobalSection
	GlobalSection(ProjectConfigurationPlatforms) = postSolution
		{131EC151-5DB4-4FE0-96E6-E59A5CC5187C}.Debug|Any CPU.ActiveCfg = Debug|Any CPU
		{131EC151-5DB4-4FE0-96E6-E59A5CC5187C}.Debug|Any CPU.Build.0 = Debug|Any CPU
		{131EC151-5DB4-4FE0-96E6-E59A5CC5187C}.Release|Any CPU.ActiveCfg = Release|Any CPU
		{131EC151-5DB4-4FE0-96E6-E59A5CC5187C}.Release|Any CPU.Build.0 = Release|Any CPU
	EndGlobalSection
	GlobalSection(SolutionProperties) = preSolution
		HideSolutionNode = FALSE
	EndGlobalSection
	GlobalSection(ExtensibilityGlobals) = postSolution
		SolutionGuid = {B63D318B-6A44-40A5-8DA4-B3C8F9F42946}
	EndGlobalSection
EndGlobal
